
Microsoft Visual Studio Solution File, Format Version 12.00
# Visual Studio Version 17
VisualStudioVersion = 17.3.32901.215
MinimumVisualStudioVersion = 10.0.40219.1
Project("{FAE04EC0-301F-11D3-BF4B-00C04F79EFBC}") = "ASP.NET_MVC_Core.tutorial", "ASP.NET_MVC_Core.tutorial.csproj", "{05CFF32D-FF71-4E07-ADB1-8C61808077F1}"
EndProject
Global
	GlobalSection(SolutionConfigurationPlatforms) = preSolution
		Debug|Any CPU = Debug|Any CPU
		Release|Any CPU = Release|Any CPU
	EndGlobalSection
	GlobalSection(ProjectConfigurationPlatforms) = postSolution
		{05CFF32D-FF71-4E07-ADB1-8C61808077F1}.Debug|Any CPU.ActiveCfg = Debug|Any CPU
		{05CFF32D-FF71-4E07-ADB1-8C61808077F1}.Debug|Any CPU.Build.0 = Debug|Any CPU
		{05CFF32D-FF71-4E07-ADB1-8C61808077F1}.Release|Any CPU.ActiveCfg = Release|Any CPU
		{05CFF32D-FF71-4E07-ADB1-8C61808077F1}.Release|Any CPU.Build.0 = Release|Any CPU
	EndGlobalSection
	GlobalSection(SolutionProperties) = preSolution
		HideSolutionNode = FALSE
	EndGlobalSection
	GlobalSection(ExtensibilityGlobals) = postSolution
		SolutionGuid = {ABC33D1C-F760-4AAC-B571-9966E695816D}
	EndGlobalSection
EndGlobal
